
Microsoft Visual Studio Solution File, Format Version 12.00
# Visual Studio Version 16
VisualStudioVersion = 16.0.31205.134
MinimumVisualStudioVersion = 10.0.40219.1
Project("{9A19103F-16F7-4668-BE54-9A1E7A4F7556}") = "GrpcServiceForAngular", "GrpcServiceForAngular.csproj", "{FBB0F359-8F98-4F36-9234-235F50AF3ACB}"
EndProject
Global
	GlobalSection(SolutionConfigurationPlatforms) = preSolution
		Debug|Any CPU = Debug|Any CPU
		Release|Any CPU = Release|Any CPU
	EndGlobalSection
	GlobalSection(ProjectConfigurationPlatforms) = postSolution
		{FBB0F359-8F98-4F36-9234-235F50AF3ACB}.Debug|Any CPU.ActiveCfg = Debug|Any CPU
		{FBB0F359-8F98-4F36-9234-235F50AF3ACB}.Debug|Any CPU.Build.0 = Debug|Any CPU
		{FBB0F359-8F98-4F36-9234-235F50AF3ACB}.Release|Any CPU.ActiveCfg = Debug|Any CPU
		{FBB0F359-8F98-4F36-9234-235F50AF3ACB}.Release|Any CPU.Build.0 = Debug|Any CPU
	EndGlobalSection
	GlobalSection(SolutionProperties) = preSolution
		HideSolutionNode = FALSE
	EndGlobalSection
	GlobalSection(ExtensibilityGlobals) = postSolution
		SolutionGuid = {E023DA27-8CDC-4693-9265-9B7692C90A6B}
	EndGlobalSection
EndGlobal
